
Microsoft Visual Studio Solution File, Format Version 12.00
# Visual Studio Version 16
VisualStudioVersion = 16.0.28803.202
MinimumVisualStudioVersion = 10.0.40219.1
Project("{FAE04EC0-301F-11D3-BF4B-00C04F79EFBC}") = "Week6Tasks", "Week6Tasks\Week6Tasks.csproj", "{08137318-9976-4362-80C7-0D128E24625E}"
EndProject
Project("{FAE04EC0-301F-11D3-BF4B-00C04F79EFBC}") = "Task2", "Task2\Task2.csproj", "{42627716-DB2F-4211-8513-FCD7DEAA90FA}"
EndProject
Project("{FAE04EC0-301F-11D3-BF4B-00C04F79EFBC}") = "task3", "task3\task3.csproj", "{CE356D59-4DFD-4F05-A83B-4462B620208D}"
EndProject
Global
	GlobalSection(SolutionConfigurationPlatforms) = preSolution
		Debug|Any CPU = Debug|Any CPU
		Release|Any CPU = Release|Any CPU
	EndGlobalSection
	GlobalSection(ProjectConfigurationPlatforms) = postSolution
		{08137318-9976-4362-80C7-0D128E24625E}.Debug|Any CPU.ActiveCfg = Debug|Any CPU
		{08137318-9976-4362-80C7-0D128E24625E}.Debug|Any CPU.Build.0 = Debug|Any CPU
		{08137318-9976-4362-80C7-0D128E24625E}.Release|Any CPU.ActiveCfg = Release|Any CPU
		{08137318-9976-4362-80C7-0D128E24625E}.Release|Any CPU.Build.0 = Release|Any CPU
		{42627716-DB2F-4211-8513-FCD7DEAA90FA}.Debug|Any CPU.ActiveCfg = Debug|Any CPU
		{42627716-DB2F-4211-8513-FCD7DEAA90FA}.Debug|Any CPU.Build.0 = Debug|Any CPU
		{42627716-DB2F-4211-8513-FCD7DEAA90FA}.Release|Any CPU.ActiveCfg = Release|Any CPU
		{42627716-DB2F-4211-8513-FCD7DEAA90FA}.Release|Any CPU.Build.0 = Release|Any CPU
		{CE356D59-4DFD-4F05-A83B-4462B620208D}.Debug|Any CPU.ActiveCfg = Debug|Any CPU
		{CE356D59-4DFD-4F05-A83B-4462B620208D}.Debug|Any CPU.Build.0 = Debug|Any CPU
		{CE356D59-4DFD-4F05-A83B-4462B620208D}.Release|Any CPU.ActiveCfg = Release|Any CPU
		{CE356D59-4DFD-4F05-A83B-4462B620208D}.Release|Any CPU.Build.0 = Release|Any CPU
	EndGlobalSection
	GlobalSection(SolutionProperties) = preSolution
		HideSolutionNode = FALSE
	EndGlobalSection
	GlobalSection(ExtensibilityGlobals) = postSolution
		SolutionGuid = {919FCE64-94C6-4B9B-8B78-7F695082AEC3}
	EndGlobalSection
EndGlobal
